<Solution>
  <Project Path="BillingFlow.Api/BillingFlow.Api.csproj" />
  <Project Path="BillingFlow.Application/BillingFlow.Application.csproj" />
  <Project Path="BillingFlow.Domain/BillingFlow.Domain.csproj" />
  <Project Path="BillingFlow.Infrastructure/BillingFlow.Infrastructure.csproj" />
  <Project Path="BillingFlow.Tests/BillingFlow.Tests.csproj" />
</Solution>
